
Microsoft Visual Studio Solution File, Format Version 12.00
# Visual Studio Version 16
VisualStudioVersion = 16.0.30114.105
MinimumVisualStudioVersion = 10.0.40219.1
Project("{9A19103F-16F7-4668-BE54-9A1E7A4F7556}") = "Herde6", "Herde6.csproj", "{14A5B648-7141-4677-852A-C1E94A25FE69}"
EndProject
Project("{9A19103F-16F7-4668-BE54-9A1E7A4F7556}") = "Herde6_UnitTesting", "..\..\Herde6_UnitTesting\Herde6_UnitTesting\Herde6_UnitTesting.csproj", "{DFECE7DC-A3CC-47F2-9441-7D9D1082F388}"
EndProject
Project("{2150E333-8FDC-42A3-9474-1A3956D46DE8}") = "Solution Items", "Solution Items", "{DE875C1B-E44A-4193-9D2C-7562C6856AA4}"
	ProjectSection(SolutionItems) = preProject
		Class1.cs = Class1.cs
	EndProjectSection
EndProject
Global
	GlobalSection(SolutionConfigurationPlatforms) = preSolution
		Debug|Any CPU = Debug|Any CPU
		Release|Any CPU = Release|Any CPU
	EndGlobalSection
	GlobalSection(ProjectConfigurationPlatforms) = postSolution
		{14A5B648-7141-4677-852A-C1E94A25FE69}.Debug|Any CPU.ActiveCfg = Debug|Any CPU
		{14A5B648-7141-4677-852A-C1E94A25FE69}.Debug|Any CPU.Build.0 = Debug|Any CPU
		{14A5B648-7141-4677-852A-C1E94A25FE69}.Release|Any CPU.ActiveCfg = Release|Any CPU
		{14A5B648-7141-4677-852A-C1E94A25FE69}.Release|Any CPU.Build.0 = Release|Any CPU
		{DFECE7DC-A3CC-47F2-9441-7D9D1082F388}.Debug|Any CPU.ActiveCfg = Debug|Any CPU
		{DFECE7DC-A3CC-47F2-9441-7D9D1082F388}.Debug|Any CPU.Build.0 = Debug|Any CPU
		{DFECE7DC-A3CC-47F2-9441-7D9D1082F388}.Release|Any CPU.ActiveCfg = Release|Any CPU
		{DFECE7DC-A3CC-47F2-9441-7D9D1082F388}.Release|Any CPU.Build.0 = Release|Any CPU
	EndGlobalSection
	GlobalSection(SolutionProperties) = preSolution
		HideSolutionNode = FALSE
	EndGlobalSection
	GlobalSection(ExtensibilityGlobals) = postSolution
		SolutionGuid = {8DDFCF6C-0503-486F-9C34-93388702E36E}
	EndGlobalSection
EndGlobal
